
Microsoft Visual Studio Solution File, Format Version 12.00
# Visual Studio Version 17
VisualStudioVersion = 17.1.32228.430
MinimumVisualStudioVersion = 10.0.40219.1
Project("{9A19103F-16F7-4668-BE54-9A1E7A4F7556}") = "HZeller.RPi.RGB.LED.Matrix", "HZeller.RPi.RGB.LED.Matrix\HZeller.RPi.RGB.LED.Matrix.csproj", "{F5E7358D-12B6-4B0D-8D2B-63446F0BF229}"
EndProject
Project("{9A19103F-16F7-4668-BE54-9A1E7A4F7556}") = "minimal-example", "examples\minimal-example\minimal-example.csproj", "{B2E399D0-CBC2-4608-B349-76FCA2DF1F50}"
EndProject
Project("{9A19103F-16F7-4668-BE54-9A1E7A4F7556}") = "font-example", "examples\font-example\font-example.csproj", "{181753EC-E81E-420A-83F2-BE2F99EF2454}"
EndProject
Project("{9A19103F-16F7-4668-BE54-9A1E7A4F7556}") = "matrix-rain", "examples\matrix-rain\matrix-rain.csproj", "{1B4ABAD2-A547-41A9-8D58-25695FECCAC3}"
EndProject
Project("{9A19103F-16F7-4668-BE54-9A1E7A4F7556}") = "pulsing-brightness", "examples\pulsing-brightness\pulsing-brightness.csproj", "{688C3C11-E4C2-4F5C-8E65-B1CD25FFA6B2}"
EndProject
Project("{2150E333-8FDC-42A3-9474-1A3956D46DE8}") = "examples", "examples", "{C3C852A7-6C98-43D8-85AD-B3DF7ADDF47F}"
EndProject
Project("{9A19103F-16F7-4668-BE54-9A1E7A4F7556}") = "HZeller.RPi.RGB.LED.Matrix.Utilities", "HZeller.RPi.RGB.LED.Matrix.Utilities\HZeller.RPi.RGB.LED.Matrix.Utilities.csproj", "{1189CC9E-B6C8-4FE5-8A9F-A5C5F190EC9B}"
EndProject
Project("{FAE04EC0-301F-11D3-BF4B-00C04F79EFBC}") = "HZeller.RPi.RGB.LED.Matrix.Utilities.Test", "HZeller.RPi.RGB.LED.Matrix.Utilities.Test\HZeller.RPi.RGB.LED.Matrix.Utilities.Test.csproj", "{85499E49-4D24-4A44-BF15-5264F5096415}"
EndProject
Global
	GlobalSection(SolutionConfigurationPlatforms) = preSolution
		Debug|ARM32 = Debug|ARM32
		Debug|ARM64 = Debug|ARM64
		Release|ARM32 = Release|ARM32
		Release|ARM64 = Release|ARM64
	EndGlobalSection
	GlobalSection(ProjectConfigurationPlatforms) = postSolution
		{F5E7358D-12B6-4B0D-8D2B-63446F0BF229}.Debug|ARM32.ActiveCfg = Debug|ARM32
		{F5E7358D-12B6-4B0D-8D2B-63446F0BF229}.Debug|ARM32.Build.0 = Debug|ARM32
		{F5E7358D-12B6-4B0D-8D2B-63446F0BF229}.Debug|ARM64.ActiveCfg = Debug|ARM64
		{F5E7358D-12B6-4B0D-8D2B-63446F0BF229}.Debug|ARM64.Build.0 = Debug|ARM64
		{F5E7358D-12B6-4B0D-8D2B-63446F0BF229}.Release|ARM32.ActiveCfg = Release|ARM32
		{F5E7358D-12B6-4B0D-8D2B-63446F0BF229}.Release|ARM32.Build.0 = Release|ARM32
		{F5E7358D-12B6-4B0D-8D2B-63446F0BF229}.Release|ARM64.ActiveCfg = Release|ARM64
		{F5E7358D-12B6-4B0D-8D2B-63446F0BF229}.Release|ARM64.Build.0 = Release|ARM64
		{B2E399D0-CBC2-4608-B349-76FCA2DF1F50}.Debug|ARM32.ActiveCfg = Debug|ARM32
		{B2E399D0-CBC2-4608-B349-76FCA2DF1F50}.Debug|ARM32.Build.0 = Debug|ARM32
		{B2E399D0-CBC2-4608-B349-76FCA2DF1F50}.Debug|ARM64.ActiveCfg = Debug|ARM64
		{B2E399D0-CBC2-4608-B349-76FCA2DF1F50}.Debug|ARM64.Build.0 = Debug|ARM64
		{B2E399D0-CBC2-4608-B349-76FCA2DF1F50}.Release|ARM32.ActiveCfg = Release|ARM32
		{B2E399D0-CBC2-4608-B349-76FCA2DF1F50}.Release|ARM32.Build.0 = Release|ARM32
		{B2E399D0-CBC2-4608-B349-76FCA2DF1F50}.Release|ARM64.ActiveCfg = Release|ARM64
		{B2E399D0-CBC2-4608-B349-76FCA2DF1F50}.Release|ARM64.Build.0 = Release|ARM64
		{181753EC-E81E-420A-83F2-BE2F99EF2454}.Debug|ARM32.ActiveCfg = Debug|ARM32
		{181753EC-E81E-420A-83F2-BE2F99EF2454}.Debug|ARM32.Build.0 = Debug|ARM32
		{181753EC-E81E-420A-83F2-BE2F99EF2454}.Debug|ARM64.ActiveCfg = Debug|ARM64
		{181753EC-E81E-420A-83F2-BE2F99EF2454}.Debug|ARM64.Build.0 = Debug|ARM64
		{181753EC-E81E-420A-83F2-BE2F99EF2454}.Release|ARM32.ActiveCfg = Release|ARM32
		{181753EC-E81E-420A-83F2-BE2F99EF2454}.Release|ARM32.Build.0 = Release|ARM32
		{181753EC-E81E-420A-83F2-BE2F99EF2454}.Release|ARM64.ActiveCfg = Release|ARM64
		{181753EC-E81E-420A-83F2-BE2F99EF2454}.Release|ARM64.Build.0 = Release|ARM64
		{1B4ABAD2-A547-41A9-8D58-25695FECCAC3}.Debug|ARM32.ActiveCfg = Debug|ARM32
		{1B4ABAD2-A547-41A9-8D58-25695FECCAC3}.Debug|ARM32.Build.0 = Debug|ARM32
		{1B4ABAD2-A547-41A9-8D58-25695FECCAC3}.Debug|ARM64.ActiveCfg = Debug|ARM64
		{1B4ABAD2-A547-41A9-8D58-25695FECCAC3}.Debug|ARM64.Build.0 = Debug|ARM64
		{1B4ABAD2-A547-41A9-8D58-25695FECCAC3}.Release|ARM32.ActiveCfg = Release|ARM32
		{1B4ABAD2-A547-41A9-8D58-25695FECCAC3}.Release|ARM32.Build.0 = Release|ARM32
		{1B4ABAD2-A547-41A9-8D58-25695FECCAC3}.Release|ARM64.ActiveCfg = Release|ARM64
		{1B4ABAD2-A547-41A9-8D58-25695FECCAC3}.Release|ARM64.Build.0 = Release|ARM64
		{688C3C11-E4C2-4F5C-8E65-B1CD25FFA6B2}.Debug|ARM32.ActiveCfg = Debug|ARM32
		{688C3C11-E4C2-4F5C-8E65-B1CD25FFA6B2}.Debug|ARM32.Build.0 = Debug|ARM32
		{688C3C11-E4C2-4F5C-8E65-B1CD25FFA6B2}.Debug|ARM64.ActiveCfg = Debug|ARM64
		{688C3C11-E4C2-4F5C-8E65-B1CD25FFA6B2}.Debug|ARM64.Build.0 = Debug|ARM64
		{688C3C11-E4C2-4F5C-8E65-B1CD25FFA6B2}.Release|ARM32.ActiveCfg = Release|ARM32
		{688C3C11-E4C2-4F5C-8E65-B1CD25FFA6B2}.Release|ARM32.Build.0 = Release|ARM32
		{688C3C11-E4C2-4F5C-8E65-B1CD25FFA6B2}.Release|ARM64.ActiveCfg = Release|ARM64
		{688C3C11-E4C2-4F5C-8E65-B1CD25FFA6B2}.Release|ARM64.Build.0 = Release|ARM64
		{1189CC9E-B6C8-4FE5-8A9F-A5C5F190EC9B}.Debug|ARM32.ActiveCfg = Debug|ARM32
		{1189CC9E-B6C8-4FE5-8A9F-A5C5F190EC9B}.Debug|ARM32.Build.0 = Debug|ARM32
		{1189CC9E-B6C8-4FE5-8A9F-A5C5F190EC9B}.Debug|ARM64.ActiveCfg = Debug|ARM64
		{1189CC9E-B6C8-4FE5-8A9F-A5C5F190EC9B}.Debug|ARM64.Build.0 = Debug|ARM64
		{1189CC9E-B6C8-4FE5-8A9F-A5C5F190EC9B}.Release|ARM32.ActiveCfg = Release|ARM32
		{1189CC9E-B6C8-4FE5-8A9F-A5C5F190EC9B}.Release|ARM32.Build.0 = Release|ARM32
		{1189CC9E-B6C8-4FE5-8A9F-A5C5F190EC9B}.Release|ARM64.ActiveCfg = Release|ARM64
		{1189CC9E-B6C8-4FE5-8A9F-A5C5F190EC9B}.Release|ARM64.Build.0 = Release|ARM64
		{85499E49-4D24-4A44-BF15-5264F5096415}.Debug|ARM32.ActiveCfg = Debug|Any CPU
		{85499E49-4D24-4A44-BF15-5264F5096415}.Debug|ARM32.Build.0 = Debug|Any CPU
		{85499E49-4D24-4A44-BF15-5264F5096415}.Debug|ARM64.ActiveCfg = Debug|Any CPU
		{85499E49-4D24-4A44-BF15-5264F5096415}.Debug|ARM64.Build.0 = Debug|Any CPU
		{85499E49-4D24-4A44-BF15-5264F5096415}.Release|ARM32.ActiveCfg = Release|Any CPU
		{85499E49-4D24-4A44-BF15-5264F5096415}.Release|ARM32.Build.0 = Release|Any CPU
		{85499E49-4D24-4A44-BF15-5264F5096415}.Release|ARM64.ActiveCfg = Release|Any CPU
		{85499E49-4D24-4A44-BF15-5264F5096415}.Release|ARM64.Build.0 = Release|Any CPU
	EndGlobalSection
	GlobalSection(SolutionProperties) = preSolution
		HideSolutionNode = FALSE
	EndGlobalSection
	GlobalSection(NestedProjects) = preSolution
		{B2E399D0-CBC2-4608-B349-76FCA2DF1F50} = {C3C852A7-6C98-43D8-85AD-B3DF7ADDF47F}
		{181753EC-E81E-420A-83F2-BE2F99EF2454} = {C3C852A7-6C98-43D8-85AD-B3DF7ADDF47F}
		{1B4ABAD2-A547-41A9-8D58-25695FECCAC3} = {C3C852A7-6C98-43D8-85AD-B3DF7ADDF47F}
		{688C3C11-E4C2-4F5C-8E65-B1CD25FFA6B2} = {C3C852A7-6C98-43D8-85AD-B3DF7ADDF47F}
	EndGlobalSection
	GlobalSection(ExtensibilityGlobals) = postSolution
		SolutionGuid = {CB7393F4-B2AC-4874-8B64-EBF08FD4B886}
	EndGlobalSection
EndGlobal
